
Microsoft Visual Studio Solution File, Format Version 12.00
# Visual Studio 15
VisualStudioVersion = 15.0.26730.12
MinimumVisualStudioVersion = 10.0.40219.1
Project("{FAE04EC0-301F-11D3-BF4B-00C04F79EFBC}") = "Nucleus", "Nucleus\Nucleus.csproj", "{7635522C-178F-4DB5-9106-FF8DFD4B833B}"
EndProject
Project("{FAE04EC0-301F-11D3-BF4B-00C04F79EFBC}") = "Nucleus.DXF", "Nucleus.DXF\Nucleus.DXF.csproj", "{843DE218-013A-4894-B354-EB567AF43278}"
EndProject
Project("{FAE04EC0-301F-11D3-BF4B-00C04F79EFBC}") = "Nucleus.Excel", "Nucleus.Excel\Nucleus.Excel.csproj", "{2AC145D8-6A21-475D-9594-9DCF81158C66}"
EndProject
Project("{FAE04EC0-301F-11D3-BF4B-00C04F79EFBC}") = "Nucleus.Maps", "Nucleus.Maps\Nucleus.Maps.csproj", "{E7D0D787-CF2F-4D97-8256-F7C0D9250683}"
EndProject
Project("{FAE04EC0-301F-11D3-BF4B-00C04F79EFBC}") = "Nucleus.MIDAS", "Nucleus.MIDAS\Nucleus.MIDAS.csproj", "{67A230AC-1237-42D5-9337-0A073B91F653}"
EndProject
Project("{FAE04EC0-301F-11D3-BF4B-00C04F79EFBC}") = "Nucleus.OpenTK", "Nucleus.OpenTK\Nucleus.OpenTK.csproj", "{F54B791D-425C-41DB-BE89-D2A4D0D362CB}"
EndProject
Project("{FAE04EC0-301F-11D3-BF4B-00C04F79EFBC}") = "Nucleus.Revit", "Nucleus.Revit\Nucleus.Revit.csproj", "{E71BD3FB-D27E-4654-BD77-CBCB5D9F7739}"
EndProject
Project("{FAE04EC0-301F-11D3-BF4B-00C04F79EFBC}") = "Nucleus.Rhino", "Nucleus.Rhino\Nucleus.Rhino.csproj", "{2595E792-7880-484B-877D-9873AAC7D946}"
EndProject
Project("{FAE04EC0-301F-11D3-BF4B-00C04F79EFBC}") = "Nucleus.Robot", "Nucleus.Robot\Nucleus.Robot.csproj", "{ECA5186F-D2ED-4820-B207-880B2C4E02CA}"
EndProject
Project("{FAE04EC0-301F-11D3-BF4B-00C04F79EFBC}") = "Nucleus.TestApp", "Nucleus.TestApp\Nucleus.TestApp.csproj", "{91E17196-8E2A-4E8B-9701-67134E535C80}"
EndProject
Project("{FAE04EC0-301F-11D3-BF4B-00C04F79EFBC}") = "Nucleus.Tests", "Nucleus.Tests\Nucleus.Tests.csproj", "{20DE5F48-B713-4109-825F-A8D1BCEF7A35}"
EndProject
Project("{FAE04EC0-301F-11D3-BF4B-00C04F79EFBC}") = "Nucleus.Word", "Nucleus.Word\Nucleus.Word.csproj", "{ABAE9395-41D6-4578-B2DD-27EE9ED163A2}"
EndProject
Project("{FAE04EC0-301F-11D3-BF4B-00C04F79EFBC}") = "Nucleus.WPF", "Nucleus.WPF\Nucleus.WPF.csproj", "{A882FC57-8608-48FF-8DAF-164507608623}"
EndProject
Project("{FAE04EC0-301F-11D3-BF4B-00C04F79EFBC}") = "Nucleus.GSA", "Nucleus.GSA\Nucleus.GSA.csproj", "{7F1681B4-B4DB-4B62-88C2-FBFB0CF756CA}"
EndProject
Project("{FAE04EC0-301F-11D3-BF4B-00C04F79EFBC}") = "Nucleus.ETABS", "Nucleus.ETABS\Nucleus.ETABS.csproj", "{7368BB9D-4D72-4E3A-AA9E-91F7CB7933FF}"
EndProject
Project("{FAE04EC0-301F-11D3-BF4B-00C04F79EFBC}") = "Nucleus.MSF", "Nucleus.MSF\Nucleus.MSF.csproj", "{123C827A-924E-44CF-B84D-62984FD00525}"
EndProject
Project("{FAE04EC0-301F-11D3-BF4B-00C04F79EFBC}") = "Nucleus.Dynamo", "Nucleus.Dynamo\Nucleus.Dynamo.csproj", "{5CCA615C-2B79-47AB-93B9-32A0F5E6B447}"
EndProject
Project("{FAE04EC0-301F-11D3-BF4B-00C04F79EFBC}") = "Nucleus.BriefFE", "Nucleus.BriefFE\Nucleus.BriefFE.csproj", "{4A84ADB6-900F-42BF-AC2B-E74E21EFBC4C}"
EndProject
Global
	GlobalSection(SolutionConfigurationPlatforms) = preSolution
		Debug|Any CPU = Debug|Any CPU
		Release|Any CPU = Release|Any CPU
	EndGlobalSection
	GlobalSection(ProjectConfigurationPlatforms) = postSolution
		{7635522C-178F-4DB5-9106-FF8DFD4B833B}.Debug|Any CPU.ActiveCfg = Debug|Any CPU
		{7635522C-178F-4DB5-9106-FF8DFD4B833B}.Debug|Any CPU.Build.0 = Debug|Any CPU
		{7635522C-178F-4DB5-9106-FF8DFD4B833B}.Release|Any CPU.ActiveCfg = Release|Any CPU
		{7635522C-178F-4DB5-9106-FF8DFD4B833B}.Release|Any CPU.Build.0 = Release|Any CPU
		{843DE218-013A-4894-B354-EB567AF43278}.Debug|Any CPU.ActiveCfg = Debug|Any CPU
		{843DE218-013A-4894-B354-EB567AF43278}.Debug|Any CPU.Build.0 = Debug|Any CPU
		{843DE218-013A-4894-B354-EB567AF43278}.Release|Any CPU.ActiveCfg = Release|Any CPU
		{843DE218-013A-4894-B354-EB567AF43278}.Release|Any CPU.Build.0 = Release|Any CPU
		{2AC145D8-6A21-475D-9594-9DCF81158C66}.Debug|Any CPU.ActiveCfg = Debug|Any CPU
		{2AC145D8-6A21-475D-9594-9DCF81158C66}.Debug|Any CPU.Build.0 = Debug|Any CPU
		{2AC145D8-6A21-475D-9594-9DCF81158C66}.Release|Any CPU.ActiveCfg = Release|Any CPU
		{2AC145D8-6A21-475D-9594-9DCF81158C66}.Release|Any CPU.Build.0 = Release|Any CPU
		{E7D0D787-CF2F-4D97-8256-F7C0D9250683}.Debug|Any CPU.ActiveCfg = Debug|Any CPU
		{E7D0D787-CF2F-4D97-8256-F7C0D9250683}.Debug|Any CPU.Build.0 = Debug|Any CPU
		{E7D0D787-CF2F-4D97-8256-F7C0D9250683}.Release|Any CPU.ActiveCfg = Release|Any CPU
		{E7D0D787-CF2F-4D97-8256-F7C0D9250683}.Release|Any CPU.Build.0 = Release|Any CPU
		{67A230AC-1237-42D5-9337-0A073B91F653}.Debug|Any CPU.ActiveCfg = Debug|Any CPU
		{67A230AC-1237-42D5-9337-0A073B91F653}.Debug|Any CPU.Build.0 = Debug|Any CPU
		{67A230AC-1237-42D5-9337-0A073B91F653}.Release|Any CPU.ActiveCfg = Release|Any CPU
		{67A230AC-1237-42D5-9337-0A073B91F653}.Release|Any CPU.Build.0 = Release|Any CPU
		{F54B791D-425C-41DB-BE89-D2A4D0D362CB}.Debug|Any CPU.ActiveCfg = Debug|Any CPU
		{F54B791D-425C-41DB-BE89-D2A4D0D362CB}.Debug|Any CPU.Build.0 = Debug|Any CPU
		{F54B791D-425C-41DB-BE89-D2A4D0D362CB}.Release|Any CPU.ActiveCfg = Release|Any CPU
		{F54B791D-425C-41DB-BE89-D2A4D0D362CB}.Release|Any CPU.Build.0 = Release|Any CPU
		{E71BD3FB-D27E-4654-BD77-CBCB5D9F7739}.Debug|Any CPU.ActiveCfg = Debug|Any CPU
		{E71BD3FB-D27E-4654-BD77-CBCB5D9F7739}.Debug|Any CPU.Build.0 = Debug|Any CPU
		{E71BD3FB-D27E-4654-BD77-CBCB5D9F7739}.Release|Any CPU.ActiveCfg = Release|Any CPU
		{E71BD3FB-D27E-4654-BD77-CBCB5D9F7739}.Release|Any CPU.Build.0 = Release|Any CPU
		{2595E792-7880-484B-877D-9873AAC7D946}.Debug|Any CPU.ActiveCfg = Debug|Any CPU
		{2595E792-7880-484B-877D-9873AAC7D946}.Debug|Any CPU.Build.0 = Debug|Any CPU
		{2595E792-7880-484B-877D-9873AAC7D946}.Release|Any CPU.ActiveCfg = Release|Any CPU
		{2595E792-7880-484B-877D-9873AAC7D946}.Release|Any CPU.Build.0 = Release|Any CPU
		{ECA5186F-D2ED-4820-B207-880B2C4E02CA}.Debug|Any CPU.ActiveCfg = Debug|Any CPU
		{ECA5186F-D2ED-4820-B207-880B2C4E02CA}.Debug|Any CPU.Build.0 = Debug|Any CPU
		{ECA5186F-D2ED-4820-B207-880B2C4E02CA}.Release|Any CPU.ActiveCfg = Release|Any CPU
		{ECA5186F-D2ED-4820-B207-880B2C4E02CA}.Release|Any CPU.Build.0 = Release|Any CPU
		{91E17196-8E2A-4E8B-9701-67134E535C80}.Debug|Any CPU.ActiveCfg = Debug|Any CPU
		{91E17196-8E2A-4E8B-9701-67134E535C80}.Debug|Any CPU.Build.0 = Debug|Any CPU
		{91E17196-8E2A-4E8B-9701-67134E535C80}.Release|Any CPU.ActiveCfg = Release|Any CPU
		{91E17196-8E2A-4E8B-9701-67134E535C80}.Release|Any CPU.Build.0 = Release|Any CPU
		{20DE5F48-B713-4109-825F-A8D1BCEF7A35}.Debug|Any CPU.ActiveCfg = Debug|Any CPU
		{20DE5F48-B713-4109-825F-A8D1BCEF7A35}.Debug|Any CPU.Build.0 = Debug|Any CPU
		{20DE5F48-B713-4109-825F-A8D1BCEF7A35}.Release|Any CPU.ActiveCfg = Release|Any CPU
		{20DE5F48-B713-4109-825F-A8D1BCEF7A35}.Release|Any CPU.Build.0 = Release|Any CPU
		{ABAE9395-41D6-4578-B2DD-27EE9ED163A2}.Debug|Any CPU.ActiveCfg = Debug|Any CPU
		{ABAE9395-41D6-4578-B2DD-27EE9ED163A2}.Debug|Any CPU.Build.0 = Debug|Any CPU
		{ABAE9395-41D6-4578-B2DD-27EE9ED163A2}.Release|Any CPU.ActiveCfg = Release|Any CPU
		{ABAE9395-41D6-4578-B2DD-27EE9ED163A2}.Release|Any CPU.Build.0 = Release|Any CPU
		{A882FC57-8608-48FF-8DAF-164507608623}.Debug|Any CPU.ActiveCfg = Debug|Any CPU
		{A882FC57-8608-48FF-8DAF-164507608623}.Debug|Any CPU.Build.0 = Debug|Any CPU
		{A882FC57-8608-48FF-8DAF-164507608623}.Release|Any CPU.ActiveCfg = Release|Any CPU
		{A882FC57-8608-48FF-8DAF-164507608623}.Release|Any CPU.Build.0 = Release|Any CPU
		{7F1681B4-B4DB-4B62-88C2-FBFB0CF756CA}.Debug|Any CPU.ActiveCfg = Debug|Any CPU
		{7F1681B4-B4DB-4B62-88C2-FBFB0CF756CA}.Debug|Any CPU.Build.0 = Debug|Any CPU
		{7F1681B4-B4DB-4B62-88C2-FBFB0CF756CA}.Release|Any CPU.ActiveCfg = Release|Any CPU
		{7F1681B4-B4DB-4B62-88C2-FBFB0CF756CA}.Release|Any CPU.Build.0 = Release|Any CPU
		{7368BB9D-4D72-4E3A-AA9E-91F7CB7933FF}.Debug|Any CPU.ActiveCfg = Debug|Any CPU
		{7368BB9D-4D72-4E3A-AA9E-91F7CB7933FF}.Debug|Any CPU.Build.0 = Debug|Any CPU
		{7368BB9D-4D72-4E3A-AA9E-91F7CB7933FF}.Release|Any CPU.ActiveCfg = Release|Any CPU
		{7368BB9D-4D72-4E3A-AA9E-91F7CB7933FF}.Release|Any CPU.Build.0 = Release|Any CPU
		{123C827A-924E-44CF-B84D-62984FD00525}.Debug|Any CPU.ActiveCfg = Debug|Any CPU
		{123C827A-924E-44CF-B84D-62984FD00525}.Debug|Any CPU.Build.0 = Debug|Any CPU
		{123C827A-924E-44CF-B84D-62984FD00525}.Release|Any CPU.ActiveCfg = Release|Any CPU
		{123C827A-924E-44CF-B84D-62984FD00525}.Release|Any CPU.Build.0 = Release|Any CPU
		{5CCA615C-2B79-47AB-93B9-32A0F5E6B447}.Debug|Any CPU.ActiveCfg = Debug|Any CPU
		{5CCA615C-2B79-47AB-93B9-32A0F5E6B447}.Debug|Any CPU.Build.0 = Debug|Any CPU
		{5CCA615C-2B79-47AB-93B9-32A0F5E6B447}.Release|Any CPU.ActiveCfg = Release|Any CPU
		{5CCA615C-2B79-47AB-93B9-32A0F5E6B447}.Release|Any CPU.Build.0 = Release|Any CPU
		{4A84ADB6-900F-42BF-AC2B-E74E21EFBC4C}.Debug|Any CPU.ActiveCfg = Debug|Any CPU
		{4A84ADB6-900F-42BF-AC2B-E74E21EFBC4C}.Debug|Any CPU.Build.0 = Debug|Any CPU
		{4A84ADB6-900F-42BF-AC2B-E74E21EFBC4C}.Release|Any CPU.ActiveCfg = Release|Any CPU
		{4A84ADB6-900F-42BF-AC2B-E74E21EFBC4C}.Release|Any CPU.Build.0 = Release|Any CPU
	EndGlobalSection
	GlobalSection(SolutionProperties) = preSolution
		HideSolutionNode = FALSE
	EndGlobalSection
	GlobalSection(ExtensibilityGlobals) = postSolution
		SolutionGuid = {5B77CCB1-7192-4E3A-81BF-B5D29474DCB7}
	EndGlobalSection
EndGlobal
